# This file was autogenerated by uv via the following command:
#    uv pip compile pyproject.toml --all-extras --output-file uv.lock
absl-py==2.3.1
    # via mediapipe
black==25.11.0
    # via eyegaze-inference (pyproject.toml)
certifi==2026.4.22
    # via mediapipe
cffi==2.0.0
    # via sounddevice
click==8.1.8
    # via black
contourpy==1.3.0
    # via matplotlib
customtkinter==5.2.2
    # via eyegaze-inference (pyproject.toml)
cycler==0.12.1
    # via matplotlib
darkdetect==0.8.0
    # via customtkinter
exceptiongroup==1.3.1
    # via pytest
filelock==3.19.1
    # via torch
flake8==7.3.0
    # via eyegaze-inference (pyproject.toml)
flatbuffers==25.12.19
    # via mediapipe
fonttools==4.60.2
    # via matplotlib
fsspec==2025.10.0
    # via torch
importlib-resources==6.5.2
    # via matplotlib
iniconfig==2.1.0
    # via pytest
jinja2==3.1.6
    # via torch
joblib==1.5.3
    # via scikit-learn
kiwisolver==1.4.7
    # via matplotlib
markupsafe==3.0.3
    # via jinja2
matplotlib==3.9.4
    # via
    #   eyegaze-inference (pyproject.toml)
    #   mediapipe
mccabe==0.7.0
    # via flake8
mediapipe==0.10.35
    # via eyegaze-inference (pyproject.toml)
mpmath==1.3.0
    # via sympy
mypy-extensions==1.1.0
    # via black
networkx==3.2.1
    # via torch
numpy==2.0.2
    # via
    #   eyegaze-inference (pyproject.toml)
    #   contourpy
    #   matplotlib
    #   mediapipe
    #   opencv-contrib-python
    #   opencv-python
    #   scikit-learn
    #   scipy
    #   torchvision
opencv-contrib-python==4.13.0.92
    # via mediapipe
opencv-python==4.13.0.92
    # via eyegaze-inference (pyproject.toml)
packaging==26.2
    # via
    #   black
    #   customtkinter
    #   matplotlib
    #   pytest
pathspec==1.1.1
    # via black
pillow==11.3.0
    # via
    #   eyegaze-inference (pyproject.toml)
    #   matplotlib
    #   torchvision
platformdirs==4.4.0
    # via black
pluggy==1.6.0
    # via pytest
pycodestyle==2.14.0
    # via flake8
pycparser==2.23
    # via cffi
pyflakes==3.4.0
    # via flake8
pygments==2.20.0
    # via pytest
pyparsing==3.3.2
    # via matplotlib
pytest==8.4.2
    # via eyegaze-inference (pyproject.toml)
python-dateutil==2.9.0.post0
    # via matplotlib
pytokens==0.4.1
    # via black
scikit-learn==1.6.1
    # via eyegaze-inference (pyproject.toml)
scipy==1.13.1
    # via scikit-learn
six==1.17.0
    # via python-dateutil
sounddevice==0.5.5
    # via mediapipe
sympy==1.14.0
    # via torch
threadpoolctl==3.6.0
    # via scikit-learn
tomli==2.4.1
    # via
    #   black
    #   pytest
torch==2.8.0
    # via
    #   eyegaze-inference (pyproject.toml)
    #   torchvision
torchvision==0.23.0
    # via eyegaze-inference (pyproject.toml)
typing-extensions==4.15.0
    # via
    #   black
    #   exceptiongroup
    #   torch
zipp==3.23.1
    # via importlib-resources
